
Microsoft Visual Studio Solution File, Format Version 12.00
# Visual Studio 15
VisualStudioVersion = 15.0.28307.136
MinimumVisualStudioVersion = 10.0.40219.1
Project("{FAE04EC0-301F-11D3-BF4B-00C04F79EFBC}") = "AllegroOffersWPF", "AllegroOffersWPF\AllegroOffersWPF.csproj", "{14D470C6-7651-4604-87DF-99529437BF22}"
EndProject
Global
	GlobalSection(SolutionConfigurationPlatforms) = preSolution
		Debug|Any CPU = Debug|Any CPU
		Release|Any CPU = Release|Any CPU
	EndGlobalSection
	GlobalSection(ProjectConfigurationPlatforms) = postSolution
		{14D470C6-7651-4604-87DF-99529437BF22}.Debug|Any CPU.ActiveCfg = Debug|Any CPU
		{14D470C6-7651-4604-87DF-99529437BF22}.Debug|Any CPU.Build.0 = Debug|Any CPU
		{14D470C6-7651-4604-87DF-99529437BF22}.Release|Any CPU.ActiveCfg = Release|Any CPU
		{14D470C6-7651-4604-87DF-99529437BF22}.Release|Any CPU.Build.0 = Release|Any CPU
	EndGlobalSection
	GlobalSection(SolutionProperties) = preSolution
		HideSolutionNode = FALSE
	EndGlobalSection
	GlobalSection(ExtensibilityGlobals) = postSolution
		SolutionGuid = {0145D3E7-A295-45CC-B30B-199CE8742214}
	EndGlobalSection
EndGlobal
